
Microsoft Visual Studio Solution File, Format Version 12.00
# Visual Studio 14
VisualStudioVersion = 14.0.25420.1
MinimumVisualStudioVersion = 10.0.40219.1
Project("{8BC9CEB8-8B4A-11D0-8D11-00A0C91BC942}") = "list", "list\list.vcxproj", "{5F20C522-CD58-4191-8EA6-99F0624F1008}"
EndProject
Project("{8BC9CEB8-8B4A-11D0-8D11-00A0C91BC942}") = "vector", "vector\vector.vcxproj", "{AA0C1F4D-15AA-401F-A8A3-D5CF592DF35E}"
EndProject
Project("{8BC9CEB8-8B4A-11D0-8D11-00A0C91BC942}") = "stack", "stack\stack.vcxproj", "{E2A840CF-0192-4E6C-B163-689E85C099A4}"
EndProject
Project("{8BC9CEB8-8B4A-11D0-8D11-00A0C91BC942}") = "bintree", "bintree\bintree.vcxproj", "{897B740A-1BEC-44D3-8005-E0E7B00264D7}"
EndProject
Project("{8BC9CEB8-8B4A-11D0-8D11-00A0C91BC942}") = "skiplist", "skiplist\skiplist.vcxproj", "{5A76584B-6449-45DC-B171-016E03F861B0}"
EndProject
Project("{8BC9CEB8-8B4A-11D0-8D11-00A0C91BC942}") = "graph", "graph\graph.vcxproj", "{306D885E-B5B7-4592-B2F4-202839CBF9B2}"
EndProject
Project("{8BC9CEB8-8B4A-11D0-8D11-00A0C91BC942}") = "graphmatrix", "graphmatrix\graphmatrix.vcxproj", "{854A5469-D4DD-4685-890F-47367AE74A21}"
EndProject
Global
	GlobalSection(SolutionConfigurationPlatforms) = preSolution
		Debug|x64 = Debug|x64
		Debug|x86 = Debug|x86
		Release|x64 = Release|x64
		Release|x86 = Release|x86
	EndGlobalSection
	GlobalSection(ProjectConfigurationPlatforms) = postSolution
		{5F20C522-CD58-4191-8EA6-99F0624F1008}.Debug|x64.ActiveCfg = Debug|x64
		{5F20C522-CD58-4191-8EA6-99F0624F1008}.Debug|x64.Build.0 = Debug|x64
		{5F20C522-CD58-4191-8EA6-99F0624F1008}.Debug|x86.ActiveCfg = Debug|Win32
		{5F20C522-CD58-4191-8EA6-99F0624F1008}.Debug|x86.Build.0 = Debug|Win32
		{5F20C522-CD58-4191-8EA6-99F0624F1008}.Release|x64.ActiveCfg = Release|x64
		{5F20C522-CD58-4191-8EA6-99F0624F1008}.Release|x64.Build.0 = Release|x64
		{5F20C522-CD58-4191-8EA6-99F0624F1008}.Release|x86.ActiveCfg = Release|Win32
		{5F20C522-CD58-4191-8EA6-99F0624F1008}.Release|x86.Build.0 = Release|Win32
		{AA0C1F4D-15AA-401F-A8A3-D5CF592DF35E}.Debug|x64.ActiveCfg = Debug|Win32
		{AA0C1F4D-15AA-401F-A8A3-D5CF592DF35E}.Debug|x86.ActiveCfg = Debug|Win32
		{AA0C1F4D-15AA-401F-A8A3-D5CF592DF35E}.Debug|x86.Build.0 = Debug|Win32
		{AA0C1F4D-15AA-401F-A8A3-D5CF592DF35E}.Release|x64.ActiveCfg = Release|Win32
		{AA0C1F4D-15AA-401F-A8A3-D5CF592DF35E}.Release|x86.ActiveCfg = Release|Win32
		{AA0C1F4D-15AA-401F-A8A3-D5CF592DF35E}.Release|x86.Build.0 = Release|Win32
		{E2A840CF-0192-4E6C-B163-689E85C099A4}.Debug|x64.ActiveCfg = Debug|x64
		{E2A840CF-0192-4E6C-B163-689E85C099A4}.Debug|x64.Build.0 = Debug|x64
		{E2A840CF-0192-4E6C-B163-689E85C099A4}.Debug|x86.ActiveCfg = Debug|Win32
		{E2A840CF-0192-4E6C-B163-689E85C099A4}.Debug|x86.Build.0 = Debug|Win32
		{E2A840CF-0192-4E6C-B163-689E85C099A4}.Release|x64.ActiveCfg = Release|x64
		{E2A840CF-0192-4E6C-B163-689E85C099A4}.Release|x64.Build.0 = Release|x64
		{E2A840CF-0192-4E6C-B163-689E85C099A4}.Release|x86.ActiveCfg = Release|Win32
		{E2A840CF-0192-4E6C-B163-689E85C099A4}.Release|x86.Build.0 = Release|Win32
		{897B740A-1BEC-44D3-8005-E0E7B00264D7}.Debug|x64.ActiveCfg = Debug|x64
		{897B740A-1BEC-44D3-8005-E0E7B00264D7}.Debug|x64.Build.0 = Debug|x64
		{897B740A-1BEC-44D3-8005-E0E7B00264D7}.Debug|x86.ActiveCfg = Debug|Win32
		{897B740A-1BEC-44D3-8005-E0E7B00264D7}.Debug|x86.Build.0 = Debug|Win32
		{897B740A-1BEC-44D3-8005-E0E7B00264D7}.Release|x64.ActiveCfg = Release|x64
		{897B740A-1BEC-44D3-8005-E0E7B00264D7}.Release|x64.Build.0 = Release|x64
		{897B740A-1BEC-44D3-8005-E0E7B00264D7}.Release|x86.ActiveCfg = Release|Win32
		{897B740A-1BEC-44D3-8005-E0E7B00264D7}.Release|x86.Build.0 = Release|Win32
		{5A76584B-6449-45DC-B171-016E03F861B0}.Debug|x64.ActiveCfg = Debug|x64
		{5A76584B-6449-45DC-B171-016E03F861B0}.Debug|x64.Build.0 = Debug|x64
		{5A76584B-6449-45DC-B171-016E03F861B0}.Debug|x86.ActiveCfg = Debug|Win32
		{5A76584B-6449-45DC-B171-016E03F861B0}.Debug|x86.Build.0 = Debug|Win32
		{5A76584B-6449-45DC-B171-016E03F861B0}.Release|x64.ActiveCfg = Release|x64
		{5A76584B-6449-45DC-B171-016E03F861B0}.Release|x64.Build.0 = Release|x64
		{5A76584B-6449-45DC-B171-016E03F861B0}.Release|x86.ActiveCfg = Release|Win32
		{5A76584B-6449-45DC-B171-016E03F861B0}.Release|x86.Build.0 = Release|Win32
		{306D885E-B5B7-4592-B2F4-202839CBF9B2}.Debug|x64.ActiveCfg = Debug|x64
		{306D885E-B5B7-4592-B2F4-202839CBF9B2}.Debug|x64.Build.0 = Debug|x64
		{306D885E-B5B7-4592-B2F4-202839CBF9B2}.Debug|x86.ActiveCfg = Debug|Win32
		{306D885E-B5B7-4592-B2F4-202839CBF9B2}.Debug|x86.Build.0 = Debug|Win32
		{306D885E-B5B7-4592-B2F4-202839CBF9B2}.Release|x64.ActiveCfg = Release|x64
		{306D885E-B5B7-4592-B2F4-202839CBF9B2}.Release|x64.Build.0 = Release|x64
		{306D885E-B5B7-4592-B2F4-202839CBF9B2}.Release|x86.ActiveCfg = Release|Win32
		{306D885E-B5B7-4592-B2F4-202839CBF9B2}.Release|x86.Build.0 = Release|Win32
		{854A5469-D4DD-4685-890F-47367AE74A21}.Debug|x64.ActiveCfg = Debug|x64
		{854A5469-D4DD-4685-890F-47367AE74A21}.Debug|x64.Build.0 = Debug|x64
		{854A5469-D4DD-4685-890F-47367AE74A21}.Debug|x86.ActiveCfg = Debug|Win32
		{854A5469-D4DD-4685-890F-47367AE74A21}.Debug|x86.Build.0 = Debug|Win32
		{854A5469-D4DD-4685-890F-47367AE74A21}.Release|x64.ActiveCfg = Release|x64
		{854A5469-D4DD-4685-890F-47367AE74A21}.Release|x64.Build.0 = Release|x64
		{854A5469-D4DD-4685-890F-47367AE74A21}.Release|x86.ActiveCfg = Release|Win32
		{854A5469-D4DD-4685-890F-47367AE74A21}.Release|x86.Build.0 = Release|Win32
	EndGlobalSection
	GlobalSection(SolutionProperties) = preSolution
		HideSolutionNode = FALSE
	EndGlobalSection
EndGlobal
